
Microsoft Visual Studio Solution File, Format Version 12.00
# Visual Studio 15
VisualStudioVersion = 15.0.28307.1267
MinimumVisualStudioVersion = 10.0.40219.1
Project("{FAE04EC0-301F-11D3-BF4B-00C04F79EFBC}") = "Insurance", "Insurance\Insurance.csproj", "{ADB8F824-9B99-4F92-9B0B-CF0F6A73C042}"
EndProject
Global
	GlobalSection(SolutionConfigurationPlatforms) = preSolution
		Debug|Any CPU = Debug|Any CPU
		Release|Any CPU = Release|Any CPU
	EndGlobalSection
	GlobalSection(ProjectConfigurationPlatforms) = postSolution
		{ADB8F824-9B99-4F92-9B0B-CF0F6A73C042}.Debug|Any CPU.ActiveCfg = Debug|Any CPU
		{ADB8F824-9B99-4F92-9B0B-CF0F6A73C042}.Debug|Any CPU.Build.0 = Debug|Any CPU
		{ADB8F824-9B99-4F92-9B0B-CF0F6A73C042}.Release|Any CPU.ActiveCfg = Release|Any CPU
		{ADB8F824-9B99-4F92-9B0B-CF0F6A73C042}.Release|Any CPU.Build.0 = Release|Any CPU
	EndGlobalSection
	GlobalSection(SolutionProperties) = preSolution
		HideSolutionNode = FALSE
	EndGlobalSection
	GlobalSection(ExtensibilityGlobals) = postSolution
		SolutionGuid = {3546E3C7-C5E6-4733-BBF3-A040D3C0AF77}
	EndGlobalSection
EndGlobal
